
Microsoft Visual Studio Solution File, Format Version 12.00
# Visual Studio Version 16
VisualStudioVersion = 16.0.31112.23
MinimumVisualStudioVersion = 10.0.40219.1
Project("{FAE04EC0-301F-11D3-BF4B-00C04F79EFBC}") = "ClienteWebMatricula", "ClienteWebMatricula\ClienteWebMatricula.csproj", "{6309E73D-0CE5-4A3E-83EF-3792B7C6A7A4}"
EndProject
Global
	GlobalSection(SolutionConfigurationPlatforms) = preSolution
		Debug|Any CPU = Debug|Any CPU
		Release|Any CPU = Release|Any CPU
	EndGlobalSection
	GlobalSection(ProjectConfigurationPlatforms) = postSolution
		{6309E73D-0CE5-4A3E-83EF-3792B7C6A7A4}.Debug|Any CPU.ActiveCfg = Debug|Any CPU
		{6309E73D-0CE5-4A3E-83EF-3792B7C6A7A4}.Debug|Any CPU.Build.0 = Debug|Any CPU
		{6309E73D-0CE5-4A3E-83EF-3792B7C6A7A4}.Release|Any CPU.ActiveCfg = Release|Any CPU
		{6309E73D-0CE5-4A3E-83EF-3792B7C6A7A4}.Release|Any CPU.Build.0 = Release|Any CPU
	EndGlobalSection
	GlobalSection(SolutionProperties) = preSolution
		HideSolutionNode = FALSE
	EndGlobalSection
	GlobalSection(ExtensibilityGlobals) = postSolution
		SolutionGuid = {41BAED7E-D4C8-466F-9BD5-E8279C7B4941}
	EndGlobalSection
EndGlobal
